PODS:
  - AppAuth (1.7.5):
    - AppAuth/Core (= 1.7.5)
    - AppAuth/ExternalUserAgent (= 1.7.5)
  - AppAuth/Core (1.7.5)
  - AppAuth/ExternalUserAgent (1.7.5):
    - AppAuth/Core
  - boost (1.76.0)
  - DoubleConversion (1.1.6)
  - EXApplication (5.3.1):
    - ExpoModulesCore
  - EXConstants (14.4.2):
    - ExpoModulesCore
  - EXFileSystem (15.4.4):
    - ExpoModulesCore
  - EXFont (11.4.0):
    - ExpoModulesCore
  - EXImageLoader (4.3.0):
    - ExpoModulesCore
    - React-Core
  - EXMediaLibrary (15.4.1):
    - ExpoModulesCore
    - RCT-Folly (= 2021.07.22.00)
    - React-Core
  - Expo (49.0.13):
    - ExpoModulesCore
  - ExpoAdapterFBSDKNext (13.0.0):
    - ExpoModulesCore
    - FBSDKCoreKit
    - React-Core
  - ExpoAdapterGoogleSignIn (10.1.0):
    - ExpoModulesCore
    - GoogleSignIn (~> 7.0)
    - React-Core
  - ExpoImageManipulator (11.3.0):
    - EXImageLoader
    - ExpoModulesCore
  - ExpoImagePicker (14.5.0):
    - ExpoModulesCore
  - ExpoKeepAwake (12.3.0):
    - ExpoModulesCore
  - ExpoLinearGradient (12.3.0):
    - ExpoModulesCore
  - ExpoModulesCore (1.5.11):
    - RCT-Folly (= 2021.07.22.00)
    - React-Core
    - React-NativeModulesApple
    - React-RCTAppDelegate
    - ReactCommon/turbomodule/core
  - EXSplashScreen (0.22.0):
    - ExpoModulesCore
    - RCT-Folly (= 2021.07.22.00)
    - React-Core
  - FBAEMKit (17.0.2):
    - FBSDKCoreKit_Basics (= 17.0.2)
  - FBLazyVector (0.72.4)
  - FBReactNativeSpec (0.72.4):
    - RCT-Folly (= 2021.07.22.00)
    - RCTRequired (= 0.72.4)
    - RCTTypeSafety (= 0.72.4)
    - React-Core (= 0.72.4)
    - React-jsi (= 0.72.4)
    - ReactCommon/turbomodule/core (= 0.72.4)
  - FBSDKCoreKit (17.0.2):
    - FBAEMKit (= 17.0.2)
    - FBSDKCoreKit_Basics (= 17.0.2)
  - FBSDKCoreKit_Basics (17.0.2)
  - FBSDKGamingServicesKit (17.0.2):
    - FBSDKCoreKit (= 17.0.2)
    - FBSDKCoreKit_Basics (= 17.0.2)
    - FBSDKShareKit (= 17.0.2)
  - FBSDKLoginKit (17.0.2):
    - FBSDKCoreKit (= 17.0.2)
  - FBSDKShareKit (17.0.2):
    - FBSDKCoreKit (= 17.0.2)
  - Firebase/Analytics (10.19.0):
    - Firebase/Core
  - Firebase/Auth (10.19.0):
    - Firebase/CoreOnly
    - FirebaseAuth (~> 10.19.0)
  - Firebase/Core (10.19.0):
    - Firebase/CoreOnly
    - FirebaseAnalytics (~> 10.19.0)
  - Firebase/CoreOnly (10.19.0):
    - FirebaseCore (= 10.19.0)
  - Firebase/DynamicLinks (10.19.0):
    - Firebase/CoreOnly
    - FirebaseDynamicLinks (~> 10.19.0)
  - Firebase/Messaging (10.19.0):
    - Firebase/CoreOnly
    - FirebaseMessaging (~> 10.19.0)
  - FirebaseAnalytics (10.19.0):
    - FirebaseAnalytics/AdIdSupport (= 10.19.0)
    - FirebaseCore (~> 10.0)
    - FirebaseInstallations (~> 10.0)
    - GoogleUtilities/AppDelegateSwizzler (~> 7.11)
    - GoogleUtilities/MethodSwizzler (~> 7.11)
    - GoogleUtilities/Network (~> 7.11)
    - "GoogleUtilities/NSData+zlib (~> 7.11)"
    - nanopb (< 2.30910.0, >= 2.30908.0)
  - FirebaseAnalytics/AdIdSupport (10.19.0):
    - FirebaseCore (~> 10.0)
    - FirebaseInstallations (~> 10.0)
    - GoogleAppMeasurement (= 10.19.0)
    - GoogleUtilities/AppDelegateSwizzler (~> 7.11)
    - GoogleUtilities/MethodSwizzler (~> 7.11)
    - GoogleUtilities/Network (~> 7.11)
    - "GoogleUtilities/NSData+zlib (~> 7.11)"
    - nanopb (< 2.30910.0, >= 2.30908.0)
  - FirebaseAppCheckInterop (10.27.0)
  - FirebaseAuth (10.19.0):
    - FirebaseAppCheckInterop (~> 10.17)
    - FirebaseCore (~> 10.0)
    - GoogleUtilities/AppDelegateSwizzler (~> 7.8)
    - GoogleUtilities/Environment (~> 7.8)
    - GTMSessionFetcher/Core (< 4.0, >= 2.1)
    - RecaptchaInterop (~> 100.0)
  - FirebaseCore (10.19.0):
    - FirebaseCoreInternal (~> 10.0)
    - GoogleUtilities/Environment (~> 7.12)
    - GoogleUtilities/Logger (~> 7.12)
  - FirebaseCoreExtension (10.19.0):
    - FirebaseCore (~> 10.0)
  - FirebaseCoreInternal (10.27.0):
    - "GoogleUtilities/NSData+zlib (~> 7.8)"
  - FirebaseDynamicLinks (10.19.0):
    - FirebaseCore (~> 10.0)
  - FirebaseInstallations (10.27.0):
    - FirebaseCore (~> 10.0)
    - GoogleUtilities/Environment (~> 7.8)
    - GoogleUtilities/UserDefaults (~> 7.8)
    - PromisesObjC (~> 2.1)
  - FirebaseMessaging (10.19.0):
    - FirebaseCore (~> 10.0)
    - FirebaseInstallations (~> 10.0)
    - GoogleDataTransport (~> 9.3)
    - GoogleUtilities/AppDelegateSwizzler (~> 7.8)
    - GoogleUtilities/Environment (~> 7.8)
    - GoogleUtilities/Reachability (~> 7.8)
    - GoogleUtilities/UserDefaults (~> 7.8)
    - nanopb (< 2.30910.0, >= 2.30908.0)
  - fmt (6.2.1)
  - Giphy (2.2.7):
    - libwebp
  - giphy-react-native-sdk (3.2.3):
    - Giphy (= 2.2.7)
    - RCT-Folly (= 2021.07.22.00)
    - React-Core
  - glog (0.3.5)
  - GoogleAppMeasurement (10.19.0):
    - GoogleAppMeasurement/AdIdSupport (= 10.19.0)
    - GoogleUtilities/AppDelegateSwizzler (~> 7.11)
    - GoogleUtilities/MethodSwizzler (~> 7.11)
    - GoogleUtilities/Network (~> 7.11)
    - "GoogleUtilities/NSData+zlib (~> 7.11)"
    - nanopb (< 2.30910.0, >= 2.30908.0)
  - GoogleAppMeasurement/AdIdSupport (10.19.0):
    - GoogleAppMeasurement/WithoutAdIdSupport (= 10.19.0)
    - GoogleUtilities/AppDelegateSwizzler (~> 7.11)
    - GoogleUtilities/MethodSwizzler (~> 7.11)
    - GoogleUtilities/Network (~> 7.11)
    - "GoogleUtilities/NSData+zlib (~> 7.11)"
    - nanopb (< 2.30910.0, >= 2.30908.0)
  - GoogleAppMeasurement/WithoutAdIdSupport (10.19.0):
    - GoogleUtilities/AppDelegateSwizzler (~> 7.11)
    - GoogleUtilities/MethodSwizzler (~> 7.11)
    - GoogleUtilities/Network (~> 7.11)
    - "GoogleUtilities/NSData+zlib (~> 7.11)"
    - nanopb (< 2.30910.0, >= 2.30908.0)
  - GoogleDataTransport (9.4.1):
    - GoogleUtilities/Environment (~> 7.7)
    - nanopb (< 2.30911.0, >= 2.30908.0)
    - PromisesObjC (< 3.0, >= 1.2)
  - GoogleSignIn (7.1.0):
    - AppAuth (< 2.0, >= 1.7.3)
    - GTMAppAuth (< 5.0, >= 4.1.1)
    - GTMSessionFetcher/Core (~> 3.3)
  - GoogleUtilities (7.13.3):
    - GoogleUtilities/AppDelegateSwizzler (= 7.13.3)
    - GoogleUtilities/Environment (= 7.13.3)
    - GoogleUtilities/ISASwizzler (= 7.13.3)
    - GoogleUtilities/Logger (= 7.13.3)
    - GoogleUtilities/MethodSwizzler (= 7.13.3)
    - GoogleUtilities/Network (= 7.13.3)
    - "GoogleUtilities/NSData+zlib (= 7.13.3)"
    - GoogleUtilities/Privacy (= 7.13.3)
    - GoogleUtilities/Reachability (= 7.13.3)
    - GoogleUtilities/SwizzlerTestHelpers (= 7.13.3)
    - GoogleUtilities/UserDefaults (= 7.13.3)
  - GoogleUtilities/AppDelegateSwizzler (7.13.3):
    - GoogleUtilities/Environment
    - GoogleUtilities/Logger
    - GoogleUtilities/Network
    - GoogleUtilities/Privacy
  - GoogleUtilities/Environment (7.13.3):
    - GoogleUtilities/Privacy
    - PromisesObjC (< 3.0, >= 1.2)
  - GoogleUtilities/ISASwizzler (7.13.3):
    - GoogleUtilities/Privacy
  - GoogleUtilities/Logger (7.13.3):
    - GoogleUtilities/Environment
    - GoogleUtilities/Privacy
  - GoogleUtilities/MethodSwizzler (7.13.3):
    - GoogleUtilities/Logger
    - GoogleUtilities/Privacy
  - GoogleUtilities/Network (7.13.3):
    - GoogleUtilities/Logger
    - "GoogleUtilities/NSData+zlib"
    - GoogleUtilities/Privacy
    - GoogleUtilities/Reachability
  - "GoogleUtilities/NSData+zlib (7.13.3)":
    - GoogleUtilities/Privacy
  - GoogleUtilities/Privacy (7.13.3)
  - GoogleUtilities/Reachability (7.13.3):
    - GoogleUtilities/Logger
    - GoogleUtilities/Privacy
  - GoogleUtilities/SwizzlerTestHelpers (7.13.3):
    - GoogleUtilities/MethodSwizzler
  - GoogleUtilities/UserDefaults (7.13.3):
    - GoogleUtilities/Logger
    - GoogleUtilities/Privacy
  - GTMAppAuth (4.1.1):
    - AppAuth/Core (~> 1.7)
    - GTMSessionFetcher/Core (< 4.0, >= 3.3)
  - GTMSessionFetcher/Core (3.4.1)
  - JitsiWebRTC (118.0.0)
  - libwebp (1.3.2):
    - libwebp/demux (= 1.3.2)
    - libwebp/mux (= 1.3.2)
    - libwebp/sharpyuv (= 1.3.2)
    - libwebp/webp (= 1.3.2)
  - libwebp/demux (1.3.2):
    - libwebp/webp
  - libwebp/mux (1.3.2):
    - libwebp/demux
  - libwebp/sharpyuv (1.3.2)
  - libwebp/webp (1.3.2):
    - libwebp/sharpyuv
  - LogRocket (1.35.2)
  - logrocket-react-native (1.35.2):
    - LogRocket (= 1.35.2)
    - React
  - nanopb (2.30909.1):
    - nanopb/decode (= 2.30909.1)
    - nanopb/encode (= 2.30909.1)
  - nanopb/decode (2.30909.1)
  - nanopb/encode (2.30909.1)
  - PromisesObjC (2.4.0)
  - PurchasesHybridCommon (6.3.2):
    - RevenueCat (= 4.26.1)
  - RCT-Folly (2021.07.22.00):
    - boost
    - DoubleConversion
    - fmt (~> 6.2.1)
    - glog
    - RCT-Folly/Default (= 2021.07.22.00)
  - RCT-Folly/Default (2021.07.22.00):
    - boost
    - DoubleConversion
    - fmt (~> 6.2.1)
    - glog
  - RCTRequired (0.72.4)
  - RCTTypeSafety (0.72.4):
    - FBLazyVector (= 0.72.4)
    - RCTRequired (= 0.72.4)
    - React-Core (= 0.72.4)
  - React (0.72.4):
    - React-Core (= 0.72.4)
    - React-Core/DevSupport (= 0.72.4)
    - React-Core/RCTWebSocket (= 0.72.4)
    - React-RCTActionSheet (= 0.72.4)
    - React-RCTAnimation (= 0.72.4)
    - React-RCTBlob (= 0.72.4)
    - React-RCTImage (= 0.72.4)
    - React-RCTLinking (= 0.72.4)
    - React-RCTNetwork (= 0.72.4)
    - React-RCTSettings (= 0.72.4)
    - React-RCTText (= 0.72.4)
    - React-RCTVibration (= 0.72.4)
  - React-callinvoker (0.72.4)
  - React-Codegen (0.72.4):
    - DoubleConversion
    - FBReactNativeSpec
    - glog
    - RCT-Folly
    - RCTRequired
    - RCTTypeSafety
    - React-Core
    - React-jsc
    - React-jsi
    - React-jsiexecutor
    - React-NativeModulesApple
    - React-rncore
    - ReactCommon/turbomodule/bridging
    - ReactCommon/turbomodule/core
  - React-Core (0.72.4):
    - glog
    - RCT-Folly (= 2021.07.22.00)
    - React-Core/Default (= 0.72.4)
    - React-cxxreact
    - React-jsc
    - React-jsi
    - React-jsiexecutor
    - React-perflogger
    - React-runtimeexecutor
    - React-utils
    - SocketRocket (= 0.6.1)
    - Yoga
  - React-Core/CoreModulesHeaders (0.72.4):
    - glog
    - RCT-Folly (= 2021.07.22.00)
    - React-Core/Default
    - React-cxxreact
    - React-jsc
    - React-jsi
    - React-jsiexecutor
    - React-perflogger
    - React-runtimeexecutor
    - React-utils
    - SocketRocket (= 0.6.1)
    - Yoga
  - React-Core/Default (0.72.4):
    - glog
    - RCT-Folly (= 2021.07.22.00)
    - React-cxxreact
    - React-jsc
    - React-jsi
    - React-jsiexecutor
    - React-perflogger
    - React-runtimeexecutor
    - React-utils
    - SocketRocket (= 0.6.1)
    - Yoga
  - React-Core/DevSupport (0.72.4):
    - glog
    - RCT-Folly (= 2021.07.22.00)
    - React-Core/Default (= 0.72.4)
    - React-Core/RCTWebSocket (= 0.72.4)
    - React-cxxreact
    - React-jsc
    - React-jsi
    - React-jsiexecutor
    - React-jsinspector (= 0.72.4)
    - React-perflogger
    - React-runtimeexecutor
    - React-utils
    - SocketRocket (= 0.6.1)
    - Yoga
  - React-Core/RCTActionSheetHeaders (0.72.4):
    - glog
    - RCT-Folly (= 2021.07.22.00)
    - React-Core/Default
    - React-cxxreact
    - React-jsc
    - React-jsi
    - React-jsiexecutor
    - React-perflogger
    - React-runtimeexecutor
    - React-utils
    - SocketRocket (= 0.6.1)
    - Yoga
  - React-Core/RCTAnimationHeaders (0.72.4):
    - glog
    - RCT-Folly (= 2021.07.22.00)
    - React-Core/Default
    - React-cxxreact
    - React-jsc
    - React-jsi
    - React-jsiexecutor
    - React-perflogger
    - React-runtimeexecutor
    - React-utils
    - SocketRocket (= 0.6.1)
    - Yoga
  - React-Core/RCTBlobHeaders (0.72.4):
    - glog
    - RCT-Folly (= 2021.07.22.00)
    - React-Core/Default
    - React-cxxreact
    - React-jsc
    - React-jsi
    - React-jsiexecutor
    - React-perflogger
    - React-runtimeexecutor
    - React-utils
    - SocketRocket (= 0.6.1)
    - Yoga
  - React-Core/RCTImageHeaders (0.72.4):
    - glog
    - RCT-Folly (= 2021.07.22.00)
    - React-Core/Default
    - React-cxxreact
    - React-jsc
    - React-jsi
    - React-jsiexecutor
    - React-perflogger
    - React-runtimeexecutor
    - React-utils
    - SocketRocket (= 0.6.1)
    - Yoga
  - React-Core/RCTLinkingHeaders (0.72.4):
    - glog
    - RCT-Folly (= 2021.07.22.00)
    - React-Core/Default
    - React-cxxreact
    - React-jsc
    - React-jsi
    - React-jsiexecutor
    - React-perflogger
    - React-runtimeexecutor
    - React-utils
    - SocketRocket (= 0.6.1)
    - Yoga
  - React-Core/RCTNetworkHeaders (0.72.4):
    - glog
    - RCT-Folly (= 2021.07.22.00)
    - React-Core/Default
    - React-cxxreact
    - React-jsc
    - React-jsi
    - React-jsiexecutor
    - React-perflogger
    - React-runtimeexecutor
    - React-utils
    - SocketRocket (= 0.6.1)
    - Yoga
  - React-Core/RCTSettingsHeaders (0.72.4):
    - glog
    - RCT-Folly (= 2021.07.22.00)
    - React-Core/Default
    - React-cxxreact
    - React-jsc
    - React-jsi
    - React-jsiexecutor
    - React-perflogger
    - React-runtimeexecutor
    - React-utils
    - SocketRocket (= 0.6.1)
    - Yoga
  - React-Core/RCTTextHeaders (0.72.4):
    - glog
    - RCT-Folly (= 2021.07.22.00)
    - React-Core/Default
    - React-cxxreact
    - React-jsc
    - React-jsi
    - React-jsiexecutor
    - React-perflogger
    - React-runtimeexecutor
    - React-utils
    - SocketRocket (= 0.6.1)
    - Yoga
  - React-Core/RCTVibrationHeaders (0.72.4):
    - glog
    - RCT-Folly (= 2021.07.22.00)
    - React-Core/Default
    - React-cxxreact
    - React-jsc
    - React-jsi
    - React-jsiexecutor
    - React-perflogger
    - React-runtimeexecutor
    - React-utils
    - SocketRocket (= 0.6.1)
    - Yoga
  - React-Core/RCTWebSocket (0.72.4):
    - glog
    - RCT-Folly (= 2021.07.22.00)
    - React-Core/Default (= 0.72.4)
    - React-cxxreact
    - React-jsc
    - React-jsi
    - React-jsiexecutor
    - React-perflogger
    - React-runtimeexecutor
    - React-utils
    - SocketRocket (= 0.6.1)
    - Yoga
  - React-CoreModules (0.72.4):
    - RCT-Folly (= 2021.07.22.00)
    - RCTTypeSafety (= 0.72.4)
    - React-Codegen (= 0.72.4)
    - React-Core/CoreModulesHeaders (= 0.72.4)
    - React-jsi (= 0.72.4)
    - React-RCTBlob
    - React-RCTImage (= 0.72.4)
    - ReactCommon/turbomodule/core (= 0.72.4)
    - SocketRocket (= 0.6.1)
  - React-cxxreact (0.72.4):
    - boost (= 1.76.0)
    - DoubleConversion
    - glog
    - RCT-Folly (= 2021.07.22.00)
    - React-callinvoker (= 0.72.4)
    - React-debug (= 0.72.4)
    - React-jsi (= 0.72.4)
    - React-jsinspector (= 0.72.4)
    - React-logger (= 0.72.4)
    - React-perflogger (= 0.72.4)
    - React-runtimeexecutor (= 0.72.4)
  - React-debug (0.72.4)
  - React-jsc (0.72.4):
    - React-jsc/Fabric (= 0.72.4)
    - React-jsi (= 0.72.4)
  - React-jsc/Fabric (0.72.4):
    - React-jsi (= 0.72.4)
  - React-jsi (0.72.4):
    - boost (= 1.76.0)
    - DoubleConversion
    - glog
    - RCT-Folly (= 2021.07.22.00)
  - React-jsiexecutor (0.72.4):
    - DoubleConversion
    - glog
    - RCT-Folly (= 2021.07.22.00)
    - React-cxxreact (= 0.72.4)
    - React-jsi (= 0.72.4)
    - React-perflogger (= 0.72.4)
  - React-jsinspector (0.72.4)
  - React-logger (0.72.4):
    - glog
  - react-native-cameraroll (7.2.0):
    - React-Core
  - react-native-date-picker (4.3.4):
    - React-Core
  - react-native-document-picker (9.0.1):
    - React-Core
  - react-native-fbsdk-next (13.0.0):
    - React-Core
    - react-native-fbsdk-next/Core (= 13.0.0)
    - react-native-fbsdk-next/Login (= 13.0.0)
    - react-native-fbsdk-next/Share (= 13.0.0)
  - react-native-fbsdk-next/Core (13.0.0):
    - FBSDKCoreKit (~> 17.0.0)
    - React-Core
  - react-native-fbsdk-next/Login (13.0.0):
    - FBSDKLoginKit (~> 17.0.0)
    - React-Core
  - react-native-fbsdk-next/Share (13.0.0):
    - FBSDKGamingServicesKit (~> 17.0.0)
    - FBSDKShareKit (~> 17.0.0)
    - React-Core
  - react-native-image-resizer (3.0.7):
    - React-Core
  - react-native-netinfo (11.2.1):
    - React-Core
  - react-native-safe-area-context (4.6.3):
    - RCT-Folly
    - RCTRequired
    - RCTTypeSafety
    - React-Core
    - ReactCommon/turbomodule/core
  - react-native-tracking-transparency (0.1.2):
    - React
  - react-native-video (5.2.1):
    - React-Core
    - react-native-video/Video (= 5.2.1)
  - react-native-video/Video (5.2.1):
    - React-Core
  - react-native-webview (13.6.3):
    - React-Core
  - React-NativeModulesApple (0.72.4):
    - React-callinvoker
    - React-Core
    - React-cxxreact
    - React-jsi
    - React-runtimeexecutor
    - ReactCommon/turbomodule/bridging
    - ReactCommon/turbomodule/core
  - React-perflogger (0.72.4)
  - React-RCTActionSheet (0.72.4):
    - React-Core/RCTActionSheetHeaders (= 0.72.4)
  - React-RCTAnimation (0.72.4):
    - RCT-Folly (= 2021.07.22.00)
    - RCTTypeSafety (= 0.72.4)
    - React-Codegen (= 0.72.4)
    - React-Core/RCTAnimationHeaders (= 0.72.4)
    - React-jsi (= 0.72.4)
    - ReactCommon/turbomodule/core (= 0.72.4)
  - React-RCTAppDelegate (0.72.4):
    - RCT-Folly
    - RCTRequired
    - RCTTypeSafety
    - React-Core
    - React-CoreModules
    - React-jsc
    - React-NativeModulesApple
    - React-RCTImage
    - React-RCTNetwork
    - React-runtimescheduler
    - ReactCommon/turbomodule/core
  - React-RCTBlob (0.72.4):
    - RCT-Folly (= 2021.07.22.00)
    - React-Codegen (= 0.72.4)
    - React-Core/RCTBlobHeaders (= 0.72.4)
    - React-Core/RCTWebSocket (= 0.72.4)
    - React-jsi (= 0.72.4)
    - React-RCTNetwork (= 0.72.4)
    - ReactCommon/turbomodule/core (= 0.72.4)
  - React-RCTImage (0.72.4):
    - RCT-Folly (= 2021.07.22.00)
    - RCTTypeSafety (= 0.72.4)
    - React-Codegen (= 0.72.4)
    - React-Core/RCTImageHeaders (= 0.72.4)
    - React-jsi (= 0.72.4)
    - React-RCTNetwork (= 0.72.4)
    - ReactCommon/turbomodule/core (= 0.72.4)
  - React-RCTLinking (0.72.4):
    - React-Codegen (= 0.72.4)
    - React-Core/RCTLinkingHeaders (= 0.72.4)
    - React-jsi (= 0.72.4)
    - ReactCommon/turbomodule/core (= 0.72.4)
  - React-RCTNetwork (0.72.4):
    - RCT-Folly (= 2021.07.22.00)
    - RCTTypeSafety (= 0.72.4)
    - React-Codegen (= 0.72.4)
    - React-Core/RCTNetworkHeaders (= 0.72.4)
    - React-jsi (= 0.72.4)
    - ReactCommon/turbomodule/core (= 0.72.4)
  - React-RCTSettings (0.72.4):
    - RCT-Folly (= 2021.07.22.00)
    - RCTTypeSafety (= 0.72.4)
    - React-Codegen (= 0.72.4)
    - React-Core/RCTSettingsHeaders (= 0.72.4)
    - React-jsi (= 0.72.4)
    - ReactCommon/turbomodule/core (= 0.72.4)
  - React-RCTText (0.72.4):
    - React-Core/RCTTextHeaders (= 0.72.4)
  - React-RCTVibration (0.72.4):
    - RCT-Folly (= 2021.07.22.00)
    - React-Codegen (= 0.72.4)
    - React-Core/RCTVibrationHeaders (= 0.72.4)
    - React-jsi (= 0.72.4)
    - ReactCommon/turbomodule/core (= 0.72.4)
  - React-rncore (0.72.4)
  - React-runtimeexecutor (0.72.4):
    - React-jsi (= 0.72.4)
  - React-runtimescheduler (0.72.4):
    - glog
    - RCT-Folly (= 2021.07.22.00)
    - React-callinvoker
    - React-debug
    - React-jsi
    - React-runtimeexecutor
  - React-utils (0.72.4):
    - glog
    - RCT-Folly (= 2021.07.22.00)
    - React-debug
  - ReactCommon/turbomodule/bridging (0.72.4):
    - DoubleConversion
    - glog
    - RCT-Folly (= 2021.07.22.00)
    - React-callinvoker (= 0.72.4)
    - React-cxxreact (= 0.72.4)
    - React-jsi (= 0.72.4)
    - React-logger (= 0.72.4)
    - React-perflogger (= 0.72.4)
  - ReactCommon/turbomodule/core (0.72.4):
    - DoubleConversion
    - glog
    - RCT-Folly (= 2021.07.22.00)
    - React-callinvoker (= 0.72.4)
    - React-cxxreact (= 0.72.4)
    - React-jsi (= 0.72.4)
    - React-logger (= 0.72.4)
    - React-perflogger (= 0.72.4)
  - ReactNativeIncallManager (4.1.0):
    - React-Core
  - RecaptchaInterop (100.0.0)
  - RevenueCat (4.26.1)
  - RNAppleAuthentication (2.3.0):
    - React-Core
  - RNBootSplash (5.1.4):
    - React-Core
  - RNCallKeep (4.3.12):
    - React
  - RNCAsyncStorage (1.18.2):
    - React-Core
  - RNCClipboard (1.13.1):
    - React-Core
  - RNCPicker (2.6.1):
    - React-Core
  - RNCPushNotificationIOS (1.11.0):
    - React-Core
  - RNDateTimePicker (7.2.0):
    - React-Core
  - RNFastImage (8.6.3):
    - React-Core
    - SDWebImage (~> 5.11.1)
    - SDWebImageWebPCoder (~> 0.8.4)
  - RNFBAnalytics (18.7.3):
    - Firebase/Analytics (= 10.19.0)
    - React-Core
    - RNFBApp
  - RNFBApp (18.7.3):
    - Firebase/CoreOnly (= 10.19.0)
    - React-Core
  - RNFBAuth (18.6.1):
    - Firebase/Auth (= 10.19.0)
    - React-Core
    - RNFBApp
  - RNFBDynamicLinks (18.7.1):
    - Firebase/DynamicLinks (= 10.19.0)
    - GoogleUtilities/AppDelegateSwizzler
    - React-Core
    - RNFBApp
  - RNFBMessaging (18.7.3):
    - Firebase/Messaging (= 10.19.0)
    - FirebaseCoreExtension (= 10.19.0)
    - React-Core
    - RNFBApp
  - RNFS (2.20.0):
    - React-Core
  - RNGestureHandler (2.14.0):
    - RCT-Folly (= 2021.07.22.00)
    - React-Core
  - RNGoogleSignin (10.1.0):
    - GoogleSignIn (~> 7.0)
    - React-Core
  - RNImageCropPicker (0.40.2):
    - React-Core
    - React-RCTImage
    - RNImageCropPicker/QBImagePickerController (= 0.40.2)
    - TOCropViewController
  - RNImageCropPicker/QBImagePickerController (0.40.2):
    - React-Core
    - React-RCTImage
    - TOCropViewController
  - RNNotifee (7.8.2):
    - React-Core
    - RNNotifee/NotifeeCore (= 7.8.2)
  - RNNotifee/NotifeeCore (7.8.2):
    - React-Core
  - RNPurchases (6.7.2):
    - PurchasesHybridCommon (= 6.3.2)
    - React-Core
  - RNReactNativeHapticFeedback (2.2.0):
    - React-Core
  - RNReanimated (3.5.4):
    - DoubleConversion
    - FBLazyVector
    - glog
    - RCT-Folly
    - RCTRequired
    - RCTTypeSafety
    - React-callinvoker
    - React-Core
    - React-Core/DevSupport
    - React-Core/RCTWebSocket
    - React-CoreModules
    - React-cxxreact
    - React-jsi
    - React-jsiexecutor
    - React-jsinspector
    - React-RCTActionSheet
    - React-RCTAnimation
    - React-RCTAppDelegate
    - React-RCTBlob
    - React-RCTImage
    - React-RCTLinking
    - React-RCTNetwork
    - React-RCTSettings
    - React-RCTText
    - ReactCommon/turbomodule/core
    - Yoga
  - RNScreens (3.22.1):
    - React-Core
    - React-RCTImage
  - RNSentry (5.19.2):
    - React-Core
    - Sentry/HybridSDK (= 8.20.0)
  - RNShare (10.0.2):
    - React-Core
  - RNSound (0.11.2):
    - React-Core
    - RNSound/Core (= 0.11.2)
  - RNSound/Core (0.11.2):
    - React-Core
  - RNSVG (14.1.0):
    - React-Core
  - RNVoipPushNotification (3.3.2):
    - React-Core
  - SDWebImage (5.11.1):
    - SDWebImage/Core (= 5.11.1)
  - SDWebImage/Core (5.11.1)
  - SDWebImageWebPCoder (0.8.5):
    - libwebp (~> 1.0)
    - SDWebImage/Core (~> 5.10)
  - Sentry/HybridSDK (8.20.0):
    - SentryPrivate (= 8.20.0)
  - SentryPrivate (8.20.0)
  - SocketRocket (0.6.1)
  - stream-react-native-webrtc (118.0.1):
    - JitsiWebRTC (~> 118.0.0)
    - React-Core
  - stream-video-react-native (0.3.5):
    - React-Core
    - stream-react-native-webrtc
  - TOCropViewController (2.7.4)
  - Yoga (1.14.0)

DEPENDENCIES:
  - boost (from `../node_modules/react-native/third-party-podspecs/boost.podspec`)
  - DoubleConversion (from `../node_modules/react-native/third-party-podspecs/DoubleConversion.podspec`)
  - EXApplication (from `../node_modules/expo-application/ios`)
  - EXConstants (from `../node_modules/expo-constants/ios`)
  - EXFileSystem (from `../node_modules/expo-file-system/ios`)
  - EXFont (from `../node_modules/expo-font/ios`)
  - EXImageLoader (from `../node_modules/expo-image-loader/ios`)
  - EXMediaLibrary (from `../node_modules/expo-media-library/ios`)
  - Expo (from `../node_modules/expo`)
  - ExpoAdapterFBSDKNext (from `../node_modules/react-native-fbsdk-next/ios`)
  - "ExpoAdapterGoogleSignIn (from `../node_modules/@react-native-google-signin/google-signin/expo/ios`)"
  - ExpoImageManipulator (from `../node_modules/expo-image-manipulator/ios`)
  - ExpoImagePicker (from `../node_modules/expo-image-picker/ios`)
  - ExpoKeepAwake (from `../node_modules/expo-keep-awake/ios`)
  - ExpoLinearGradient (from `../node_modules/expo-linear-gradient/ios`)
  - ExpoModulesCore (from `../node_modules/expo-modules-core`)
  - EXSplashScreen (from `../node_modules/expo-splash-screen/ios`)
  - FBLazyVector (from `../node_modules/react-native/Libraries/FBLazyVector`)
  - FBReactNativeSpec (from `../node_modules/react-native/React/FBReactNativeSpec`)
  - "giphy-react-native-sdk (from `../node_modules/@giphy/react-native-sdk`)"
  - glog (from `../node_modules/react-native/third-party-podspecs/glog.podspec`)
  - GoogleUtilities
  - "logrocket-react-native (from `../node_modules/@logrocket/react-native`)"
  - RCT-Folly (from `../node_modules/react-native/third-party-podspecs/RCT-Folly.podspec`)
  - RCTRequired (from `../node_modules/react-native/Libraries/RCTRequired`)
  - RCTTypeSafety (from `../node_modules/react-native/Libraries/TypeSafety`)
  - React (from `../node_modules/react-native/`)
  - React-callinvoker (from `../node_modules/react-native/ReactCommon/callinvoker`)
  - React-Codegen (from `build/generated/ios`)
  - React-Core (from `../node_modules/react-native/`)
  - React-Core/RCTWebSocket (from `../node_modules/react-native/`)
  - React-CoreModules (from `../node_modules/react-native/React/CoreModules`)
  - React-cxxreact (from `../node_modules/react-native/ReactCommon/cxxreact`)
  - React-debug (from `../node_modules/react-native/ReactCommon/react/debug`)
  - React-jsc (from `../node_modules/react-native/ReactCommon/jsc`)
  - React-jsi (from `../node_modules/react-native/ReactCommon/jsi`)
  - React-jsiexecutor (from `../node_modules/react-native/ReactCommon/jsiexecutor`)
  - React-jsinspector (from `../node_modules/react-native/ReactCommon/jsinspector`)
  - React-logger (from `../node_modules/react-native/ReactCommon/logger`)
  - "react-native-cameraroll (from `../node_modules/@react-native-camera-roll/camera-roll`)"
  - react-native-date-picker (from `../node_modules/react-native-date-picker`)
  - react-native-document-picker (from `../node_modules/react-native-document-picker`)
  - react-native-fbsdk-next (from `../node_modules/react-native-fbsdk-next`)
  - "react-native-image-resizer (from `../node_modules/@bam.tech/react-native-image-resizer`)"
  - "react-native-netinfo (from `../node_modules/@react-native-community/netinfo`)"
  - react-native-safe-area-context (from `../node_modules/react-native-safe-area-context`)
  - react-native-tracking-transparency (from `../node_modules/react-native-tracking-transparency`)
  - react-native-video (from `../node_modules/react-native-video`)
  - react-native-webview (from `../node_modules/react-native-webview`)
  - React-NativeModulesApple (from `../node_modules/react-native/ReactCommon/react/nativemodule/core/platform/ios`)
  - React-perflogger (from `../node_modules/react-native/ReactCommon/reactperflogger`)
  - React-RCTActionSheet (from `../node_modules/react-native/Libraries/ActionSheetIOS`)
  - React-RCTAnimation (from `../node_modules/react-native/Libraries/NativeAnimation`)
  - React-RCTAppDelegate (from `../node_modules/react-native/Libraries/AppDelegate`)
  - React-RCTBlob (from `../node_modules/react-native/Libraries/Blob`)
  - React-RCTImage (from `../node_modules/react-native/Libraries/Image`)
  - React-RCTLinking (from `../node_modules/react-native/Libraries/LinkingIOS`)
  - React-RCTNetwork (from `../node_modules/react-native/Libraries/Network`)
  - React-RCTSettings (from `../node_modules/react-native/Libraries/Settings`)
  - React-RCTText (from `../node_modules/react-native/Libraries/Text`)
  - React-RCTVibration (from `../node_modules/react-native/Libraries/Vibration`)
  - React-rncore (from `../node_modules/react-native/ReactCommon`)
  - React-runtimeexecutor (from `../node_modules/react-native/ReactCommon/runtimeexecutor`)
  - React-runtimescheduler (from `../node_modules/react-native/ReactCommon/react/renderer/runtimescheduler`)
  - React-utils (from `../node_modules/react-native/ReactCommon/react/utils`)
  - ReactCommon/turbomodule/core (from `../node_modules/react-native/ReactCommon`)
  - ReactNativeIncallManager (from `../node_modules/react-native-incall-manager`)
  - "RNAppleAuthentication (from `../node_modules/@invertase/react-native-apple-authentication`)"
  - RNBootSplash (from `../node_modules/react-native-bootsplash`)
  - RNCallKeep (from `../node_modules/react-native-callkeep`)
  - "RNCAsyncStorage (from `../node_modules/@react-native-async-storage/async-storage`)"
  - "RNCClipboard (from `../node_modules/@react-native-clipboard/clipboard`)"
  - "RNCPicker (from `../node_modules/@react-native-picker/picker`)"
  - "RNCPushNotificationIOS (from `../node_modules/@react-native-community/push-notification-ios`)"
  - "RNDateTimePicker (from `../node_modules/@react-native-community/datetimepicker`)"
  - RNFastImage (from `../node_modules/react-native-fast-image`)
  - "RNFBAnalytics (from `../node_modules/@react-native-firebase/analytics`)"
  - "RNFBApp (from `../node_modules/@react-native-firebase/app`)"
  - "RNFBAuth (from `../node_modules/@react-native-firebase/auth`)"
  - "RNFBDynamicLinks (from `../node_modules/@react-native-firebase/dynamic-links`)"
  - "RNFBMessaging (from `../node_modules/@react-native-firebase/messaging`)"
  - RNFS (from `../node_modules/react-native-fs`)
  - RNGestureHandler (from `../node_modules/react-native-gesture-handler`)
  - "RNGoogleSignin (from `../node_modules/@react-native-google-signin/google-signin`)"
  - RNImageCropPicker (from `../node_modules/react-native-image-crop-picker`)
  - "RNNotifee (from `../node_modules/@notifee/react-native`)"
  - RNPurchases (from `../node_modules/react-native-purchases`)
  - RNReactNativeHapticFeedback (from `../node_modules/react-native-haptic-feedback`)
  - RNReanimated (from `../node_modules/react-native-reanimated`)
  - RNScreens (from `../node_modules/react-native-screens`)
  - "RNSentry (from `../node_modules/@sentry/react-native`)"
  - RNShare (from `../node_modules/react-native-share`)
  - RNSound (from `../node_modules/react-native-sound`)
  - RNSVG (from `../node_modules/react-native-svg`)
  - RNVoipPushNotification (from `../node_modules/react-native-voip-push-notification`)
  - "stream-react-native-webrtc (from `../node_modules/@stream-io/react-native-webrtc`)"
  - "stream-video-react-native (from `../node_modules/@stream-io/video-react-native-sdk`)"
  - Yoga (from `../node_modules/react-native/ReactCommon/yoga`)

SPEC REPOS:
  trunk:
    - AppAuth
    - FBAEMKit
    - FBSDKCoreKit
    - FBSDKCoreKit_Basics
    - FBSDKGamingServicesKit
    - FBSDKLoginKit
    - FBSDKShareKit
    - Firebase
    - FirebaseAnalytics
    - FirebaseAppCheckInterop
    - FirebaseAuth
    - FirebaseCore
    - FirebaseCoreExtension
    - FirebaseCoreInternal
    - FirebaseDynamicLinks
    - FirebaseInstallations
    - FirebaseMessaging
    - fmt
    - Giphy
    - GoogleAppMeasurement
    - GoogleDataTransport
    - GoogleSignIn
    - GoogleUtilities
    - GTMAppAuth
    - GTMSessionFetcher
    - JitsiWebRTC
    - libwebp
    - LogRocket
    - nanopb
    - PromisesObjC
    - PurchasesHybridCommon
    - RecaptchaInterop
    - RevenueCat
    - SDWebImage
    - SDWebImageWebPCoder
    - Sentry
    - SentryPrivate
    - SocketRocket
    - TOCropViewController

EXTERNAL SOURCES:
  boost:
    :podspec: "../node_modules/react-native/third-party-podspecs/boost.podspec"
  DoubleConversion:
    :podspec: "../node_modules/react-native/third-party-podspecs/DoubleConversion.podspec"
  EXApplication:
    :path: "../node_modules/expo-application/ios"
  EXConstants:
    :path: "../node_modules/expo-constants/ios"
  EXFileSystem:
    :path: "../node_modules/expo-file-system/ios"
  EXFont:
    :path: "../node_modules/expo-font/ios"
  EXImageLoader:
    :path: "../node_modules/expo-image-loader/ios"
  EXMediaLibrary:
    :path: "../node_modules/expo-media-library/ios"
  Expo:
    :path: "../node_modules/expo"
  ExpoAdapterFBSDKNext:
    :path: "../node_modules/react-native-fbsdk-next/ios"
  ExpoAdapterGoogleSignIn:
    :path: "../node_modules/@react-native-google-signin/google-signin/expo/ios"
  ExpoImageManipulator:
    :path: "../node_modules/expo-image-manipulator/ios"
  ExpoImagePicker:
    :path: "../node_modules/expo-image-picker/ios"
  ExpoKeepAwake:
    :path: "../node_modules/expo-keep-awake/ios"
  ExpoLinearGradient:
    :path: "../node_modules/expo-linear-gradient/ios"
  ExpoModulesCore:
    :path: "../node_modules/expo-modules-core"
  EXSplashScreen:
    :path: "../node_modules/expo-splash-screen/ios"
  FBLazyVector:
    :path: "../node_modules/react-native/Libraries/FBLazyVector"
  FBReactNativeSpec:
    :path: "../node_modules/react-native/React/FBReactNativeSpec"
  giphy-react-native-sdk:
    :path: "../node_modules/@giphy/react-native-sdk"
  glog:
    :podspec: "../node_modules/react-native/third-party-podspecs/glog.podspec"
  logrocket-react-native:
    :path: "../node_modules/@logrocket/react-native"
  RCT-Folly:
    :podspec: "../node_modules/react-native/third-party-podspecs/RCT-Folly.podspec"
  RCTRequired:
    :path: "../node_modules/react-native/Libraries/RCTRequired"
  RCTTypeSafety:
    :path: "../node_modules/react-native/Libraries/TypeSafety"
  React:
    :path: "../node_modules/react-native/"
  React-callinvoker:
    :path: "../node_modules/react-native/ReactCommon/callinvoker"
  React-Codegen:
    :path: build/generated/ios
  React-Core:
    :path: "../node_modules/react-native/"
  React-CoreModules:
    :path: "../node_modules/react-native/React/CoreModules"
  React-cxxreact:
    :path: "../node_modules/react-native/ReactCommon/cxxreact"
  React-debug:
    :path: "../node_modules/react-native/ReactCommon/react/debug"
  React-jsc:
    :path: "../node_modules/react-native/ReactCommon/jsc"
  React-jsi:
    :path: "../node_modules/react-native/ReactCommon/jsi"
  React-jsiexecutor:
    :path: "../node_modules/react-native/ReactCommon/jsiexecutor"
  React-jsinspector:
    :path: "../node_modules/react-native/ReactCommon/jsinspector"
  React-logger:
    :path: "../node_modules/react-native/ReactCommon/logger"
  react-native-cameraroll:
    :path: "../node_modules/@react-native-camera-roll/camera-roll"
  react-native-date-picker:
    :path: "../node_modules/react-native-date-picker"
  react-native-document-picker:
    :path: "../node_modules/react-native-document-picker"
  react-native-fbsdk-next:
    :path: "../node_modules/react-native-fbsdk-next"
  react-native-image-resizer:
    :path: "../node_modules/@bam.tech/react-native-image-resizer"
  react-native-netinfo:
    :path: "../node_modules/@react-native-community/netinfo"
  react-native-safe-area-context:
    :path: "../node_modules/react-native-safe-area-context"
  react-native-tracking-transparency:
    :path: "../node_modules/react-native-tracking-transparency"
  react-native-video:
    :path: "../node_modules/react-native-video"
  react-native-webview:
    :path: "../node_modules/react-native-webview"
  React-NativeModulesApple:
    :path: "../node_modules/react-native/ReactCommon/react/nativemodule/core/platform/ios"
  React-perflogger:
    :path: "../node_modules/react-native/ReactCommon/reactperflogger"
  React-RCTActionSheet:
    :path: "../node_modules/react-native/Libraries/ActionSheetIOS"
  React-RCTAnimation:
    :path: "../node_modules/react-native/Libraries/NativeAnimation"
  React-RCTAppDelegate:
    :path: "../node_modules/react-native/Libraries/AppDelegate"
  React-RCTBlob:
    :path: "../node_modules/react-native/Libraries/Blob"
  React-RCTImage:
    :path: "../node_modules/react-native/Libraries/Image"
  React-RCTLinking:
    :path: "../node_modules/react-native/Libraries/LinkingIOS"
  React-RCTNetwork:
    :path: "../node_modules/react-native/Libraries/Network"
  React-RCTSettings:
    :path: "../node_modules/react-native/Libraries/Settings"
  React-RCTText:
    :path: "../node_modules/react-native/Libraries/Text"
  React-RCTVibration:
    :path: "../node_modules/react-native/Libraries/Vibration"
  React-rncore:
    :path: "../node_modules/react-native/ReactCommon"
  React-runtimeexecutor:
    :path: "../node_modules/react-native/ReactCommon/runtimeexecutor"
  React-runtimescheduler:
    :path: "../node_modules/react-native/ReactCommon/react/renderer/runtimescheduler"
  React-utils:
    :path: "../node_modules/react-native/ReactCommon/react/utils"
  ReactCommon:
    :path: "../node_modules/react-native/ReactCommon"
  ReactNativeIncallManager:
    :path: "../node_modules/react-native-incall-manager"
  RNAppleAuthentication:
    :path: "../node_modules/@invertase/react-native-apple-authentication"
  RNBootSplash:
    :path: "../node_modules/react-native-bootsplash"
  RNCallKeep:
    :path: "../node_modules/react-native-callkeep"
  RNCAsyncStorage:
    :path: "../node_modules/@react-native-async-storage/async-storage"
  RNCClipboard:
    :path: "../node_modules/@react-native-clipboard/clipboard"
  RNCPicker:
    :path: "../node_modules/@react-native-picker/picker"
  RNCPushNotificationIOS:
    :path: "../node_modules/@react-native-community/push-notification-ios"
  RNDateTimePicker:
    :path: "../node_modules/@react-native-community/datetimepicker"
  RNFastImage:
    :path: "../node_modules/react-native-fast-image"
  RNFBAnalytics:
    :path: "../node_modules/@react-native-firebase/analytics"
  RNFBApp:
    :path: "../node_modules/@react-native-firebase/app"
  RNFBAuth:
    :path: "../node_modules/@react-native-firebase/auth"
  RNFBDynamicLinks:
    :path: "../node_modules/@react-native-firebase/dynamic-links"
  RNFBMessaging:
    :path: "../node_modules/@react-native-firebase/messaging"
  RNFS:
    :path: "../node_modules/react-native-fs"
  RNGestureHandler:
    :path: "../node_modules/react-native-gesture-handler"
  RNGoogleSignin:
    :path: "../node_modules/@react-native-google-signin/google-signin"
  RNImageCropPicker:
    :path: "../node_modules/react-native-image-crop-picker"
  RNNotifee:
    :path: "../node_modules/@notifee/react-native"
  RNPurchases:
    :path: "../node_modules/react-native-purchases"
  RNReactNativeHapticFeedback:
    :path: "../node_modules/react-native-haptic-feedback"
  RNReanimated:
    :path: "../node_modules/react-native-reanimated"
  RNScreens:
    :path: "../node_modules/react-native-screens"
  RNSentry:
    :path: "../node_modules/@sentry/react-native"
  RNShare:
    :path: "../node_modules/react-native-share"
  RNSound:
    :path: "../node_modules/react-native-sound"
  RNSVG:
    :path: "../node_modules/react-native-svg"
  RNVoipPushNotification:
    :path: "../node_modules/react-native-voip-push-notification"
  stream-react-native-webrtc:
    :path: "../node_modules/@stream-io/react-native-webrtc"
  stream-video-react-native:
    :path: "../node_modules/@stream-io/video-react-native-sdk"
  Yoga:
    :path: "../node_modules/react-native/ReactCommon/yoga"

SPEC CHECKSUMS:
  AppAuth: 501c04eda8a8d11f179dbe8637b7a91bb7e5d2fa
  boost: 57d2868c099736d80fcd648bf211b4431e51a558
  DoubleConversion: 5189b271737e1565bdce30deb4a08d647e3f5f54
  EXApplication: 042aa2e3f05258a16962ea1a9914bf288db9c9a1
  EXConstants: ce5bbea779da8031ac818c36bea41b10e14d04e1
  EXFileSystem: 2b826a3bf1071a4b80a8457e97124783d1ac860e
  EXFont: 738c44c390953ebcbab075a4848bfbef025fd9ee
  EXImageLoader: 34b214f9387e98f3c73989f15d8d5b399c9ab3f7
  EXMediaLibrary: 88ee9eed37c4fe38a4b5b35b73a4f9fa056c999e
  Expo: e7d2116b947e2e6fdeb09ee4f2754f819426d1b6
  ExpoAdapterFBSDKNext: 54e3eb74773147fa2d21de5d824ae6ed6d3907b1
  ExpoAdapterGoogleSignIn: d20c9bd110725db21da6f4e188508bee352e86d8
  ExpoImageManipulator: 851be0965dd9f78019771b140282f1816dcc25ea
  ExpoImagePicker: 9e5c745cb3e56ee00e1cfe5d6af59caab66ecf1a
  ExpoKeepAwake: be4cbd52d9b177cde0fd66daa1913afa3161fc1d
  ExpoLinearGradient: 5966dd5d49872cc9c104fedc8bbc298b6049b2e8
  ExpoModulesCore: 81037d28453615c4206a6a2ca7556a0f364a0a0a
  EXSplashScreen: df6ef52a408eddc0b2220807851d2b9d0950a9f0
  FBAEMKit: 619f96ea65427e8afca240d5b0f4703738dfdf5c
  FBLazyVector: 5d4a3b7f411219a45a6d952f77d2c0a6c9989da5
  FBReactNativeSpec: 3fc2d478e1c4b08276f9dd9128f80ec6d5d85c1f
  FBSDKCoreKit: a5f384db2e9ee84e98494fed8f983d2bd79accff
  FBSDKCoreKit_Basics: d35c775aaf243a2d731dfae7be3a74b1987285ab
  FBSDKGamingServicesKit: bf02b6f115e545910b8a77bf8defaf74a7eccda1
  FBSDKLoginKit: f8ca5f7ab7c4e5b93e729d94975b0db7fcc511ed
  FBSDKShareKit: e7ec3bed8e82dabc04e56f3cf44ef99a1864309e
  Firebase: 63ce8ece0d43743dc28eacac0c6867a2d7fd5a9d
  FirebaseAnalytics: 87513010b13b7c8610164d3602ea10571f76afc1
  FirebaseAppCheckInterop: 0dd062c9926a76332ca5711dbed6f1a9ac540b54
  FirebaseAuth: 2492acdcd1245d841fabdf58a050d6aa07dfce3f
  FirebaseCore: dc5c7badf99d47613c52b2e3a57a64cd187f8554
  FirebaseCoreExtension: c08d14c7b22e07994e876d837e6f58642f340087
  FirebaseCoreInternal: 4b297a2d56063dbea2c1d0d04222d44a8d058862
  FirebaseDynamicLinks: bd0455c62de367bb46605692af35e423fd7b3b69
  FirebaseInstallations: 766dabca09fd94aef922538aaf144cc4a6fb6869
  FirebaseMessaging: d322bd030a0e97398bf134746e087b88e6ba0074
  fmt: ff9d55029c625d3757ed641535fd4a75fedc7ce9
  Giphy: dad025aa0c82e4c057e1989cde959034829dfca7
  giphy-react-native-sdk: 37a7f80c3e0605bb6902ef01d990a75f32977b34
  glog: 04b94705f318337d7ead9e6d17c019bd9b1f6b1b
  GoogleAppMeasurement: 68afe759316673c6554dac35a0c7ae8f5d6cb4ed
  GoogleDataTransport: 6c09b596d841063d76d4288cc2d2f42cc36e1e2a
  GoogleSignIn: d4281ab6cf21542b1cfaff85c191f230b399d2db
  GoogleUtilities: ea963c370a38a8069cc5f7ba4ca849a60b6d7d15
  GTMAppAuth: f69bd07d68cd3b766125f7e072c45d7340dea0de
  GTMSessionFetcher: 8000756fc1c19d2e5697b90311f7832d2e33f6cd
  JitsiWebRTC: 3a41671ef65a51d7204323814b055a2690b921c7
  libwebp: 1786c9f4ff8a279e4dac1e8f385004d5fc253009
  LogRocket: 3ef5f2f590559443f3da102953a812a651b165d2
  logrocket-react-native: 6a2460c44e161e5a6d408538f8fcfea332e0cf38
  nanopb: d4d75c12cd1316f4a64e3c6963f879ecd4b5e0d5
  PromisesObjC: f5707f49cb48b9636751c5b2e7d227e43fba9f47
  PurchasesHybridCommon: 98af59169dd9c418eac0725c43f02db92a643b79
  RCT-Folly: 424b8c9a7a0b9ab2886ffe9c3b041ef628fd4fb1
  RCTRequired: c0569ecc035894e4a68baecb30fe6a7ea6e399f9
  RCTTypeSafety: e90354072c21236e0bcf1699011e39acd25fea2f
  React: a1be3c6dc0a6e949ccd3e659781aa47bbae1868f
  React-callinvoker: 1020b33f6cb1a1824f9ca2a86609fbce2a73c6ed
  React-Codegen: 84fb451cebda887232de8f31f098886a062848ec
  React-Core: 4572f4cf5f8386b07dfabda5f436ee30dbf66784
  React-CoreModules: 621243df8863055ff30f3bb2ff71573ffa7b16c8
  React-cxxreact: 9f0bd765bbffbd2038936d1f0ba1c80ea7649e28
  React-debug: fc1c8e41bbf531ca8ab18b8fc79bf097b9ab05d1
  React-jsc: 844ccd35b8dbd105aa0430b658611a43f10ba8a5
  React-jsi: 8c012b3699d7427e96866dd3a539ca9611fa2546
  React-jsiexecutor: bc8a9ad812a2c88b3a41c08b5f4b3ed32d6d4766
  React-jsinspector: aaed4cf551c4a1c98092436518c2d267b13a673f
  React-logger: da1ebe05ae06eb6db4b162202faeafac4b435e77
  react-native-cameraroll: 2a198b0eb86c7ccf3303fb57702b2465cc292c94
  react-native-date-picker: db26a4dc48fe4e7c3c3afd5008519fad1091c524
  react-native-document-picker: 2b8f18667caee73a96708a82b284a4f40b30a156
  react-native-fbsdk-next: 84746ea062dc3b1a422154d7674ba4c5836b6d82
  react-native-image-resizer: 681f7607418b97c084ba2d0999b153b103040d8a
  react-native-netinfo: 8a7fd3f7130ef4ad2fb4276d5c9f8d3f28d2df3d
  react-native-safe-area-context: 36cc67648134e89465663b8172336a19eeda493d
  react-native-tracking-transparency: 25ff1ff866e338c137c818bdec20526bb05ffcc1
  react-native-video: c26780b224543c62d5e1b2a7244a5cd1b50e8253
  react-native-webview: 88293a0f23eca8465c0433c023ec632930e644d0
  React-NativeModulesApple: 16bd55f65379e9e3064780971a2caefd3a7d1aca
  React-perflogger: 496a1a3dc6737f964107cb3ddae7f9e265ddda58
  React-RCTActionSheet: 02904b932b50e680f4e26e7a686b33ebf7ef3c00
  React-RCTAnimation: e44fe5053708c5be762943087c78dc5a6a3c645c
  React-RCTAppDelegate: 9542a507a736f92c1b4274c086d43b39d6210f32
  React-RCTBlob: c9c7f0621bf1af680d443b0507ecc4867dd9b5a1
  React-RCTImage: f48859ae6a1e5c2c8659f860efdfcb8b0cb60cde
  React-RCTLinking: 9b145f380c6b5910e3219bef73e1d7024381ad54
  React-RCTNetwork: 179f50a80c01fa7d6a515552a24ad2e294f341a1
  React-RCTSettings: cdc9f538f0f8e72e6f3de7c971fb4fb2f49caff9
  React-RCTText: 9b9f5589d9b649d7246c3f336e116496df28cfe6
  React-RCTVibration: 35eec7201c8ffdaccdd908a5ec874b7055f975f3
  React-rncore: 46133d523155fc84572338bd6a7c461c1d873efc
  React-runtimeexecutor: d465ba0c47ef3ed8281143f59605cacc2244d5c7
  React-runtimescheduler: e477a900bf7ba944fbfe4d99771aff42762b7450
  React-utils: 67310e5dec3197e34c470d0a6f66c886dc263749
  ReactCommon: 54c82458ac8e780e6e43abd73c555aacbd9374d7
  ReactNativeIncallManager: 2385505fa5dfdbbc78925e3b8d23b30ce0cde40e
  RecaptchaInterop: 7d1a4a01a6b2cb1610a47ef3f85f0c411434cb21
  RevenueCat: 4e8899a69fd57180ef166237d1eb670023be05de
  RNAppleAuthentication: e99eaf3c4c01ad8ecb6125dd6f0cfd98871685b5
  RNBootSplash: 578bffadc64719c710d30780ec6ace905b0daf07
  RNCallKeep: aa9b1f9286f8f60d7b7d41ee5de47de564356aac
  RNCAsyncStorage: ddc4ee162bfd41b0d2c68bf2d95acd81dd7f1f93
  RNCClipboard: 90e241893de33a2f5962fc34d76ada4576033e49
  RNCPicker: b18aaf30df596e9b1738e7c1f9ee55402a229dca
  RNCPushNotificationIOS: 64218f3c776c03d7408284a819b2abfda1834bc8
  RNDateTimePicker: 3942382593f104af226ad9c56e16166960c7ae30
  RNFastImage: 5c9c9fed9c076e521b3f509fe79e790418a544e8
  RNFBAnalytics: fdecb8b774abd12f9ed79675794159d1a0fadc6c
  RNFBApp: 5ee688b07ed0fa692a3a8fd07df6d6ae41e4c3a0
  RNFBAuth: 89cc9cdcd02f052e3ddeb9c4db32227839800f9e
  RNFBDynamicLinks: c5c5a32dbd9b0c58413ba3e34cd99930913789b4
  RNFBMessaging: c839473d12cbe1b042b29898177033de4214e932
  RNFS: 4ac0f0ea233904cb798630b3c077808c06931688
  RNGestureHandler: a5039da2ac028b073ae801289476060b34d559b1
  RNGoogleSignin: a6a612cce56a45ab701c5c5c6e36f5390522d100
  RNImageCropPicker: d9616a0cb9b72e8551ff94a7a5021fbd29050aa5
  RNNotifee: 8e2d3df3f0e9ce8f5d1fe4c967431138190b6175
  RNPurchases: 2827e31251b52ce1e859c0d1fa3195ecc3260b8d
  RNReactNativeHapticFeedback: ec56a5f81c3941206fd85625fa669ffc7b4545f9
  RNReanimated: bdadbf5322d7894bb6016985d8ae5c9ed5fc83d0
  RNScreens: 50ffe2fa2342eabb2d0afbe19f7c1af286bc7fb3
  RNSentry: 6a9dcd2e7fedea4d817ad96f0f7f71ad83a91464
  RNShare: 859ff710211285676b0bcedd156c12437ea1d564
  RNSound: 6c156f925295bdc83e8e422e7d8b38d33bc71852
  RNSVG: ba3e7232f45e34b7b47e74472386cf4e1a676d0a
  RNVoipPushNotification: 543e18f83089134a35e7f1d2eba4c8b1f7776b08
  SDWebImage: a7f831e1a65eb5e285e3fb046a23fcfbf08e696d
  SDWebImageWebPCoder: 908b83b6adda48effe7667cd2b7f78c897e5111d
  Sentry: a8d7b373b9f9868442b02a0c425192f693103cbf
  SentryPrivate: 006b24af16828441f70e2ab6adf241bd0a8ad130
  SocketRocket: f32cd54efbe0f095c4d7594881e52619cfe80b17
  stream-react-native-webrtc: 31fe9ee69d5b4fc191380a78efa292377494b7ac
  stream-video-react-native: a5f49fc15be960571be5c3b78465717b864c48f2
  TOCropViewController: 80b8985ad794298fb69d3341de183f33d1853654
  Yoga: 3efc43e0d48686ce2e8c60f99d4e6bd349aff981

PODFILE CHECKSUM: 6f2be94d0634a3e2d812fc809aa2072bfa03c3a5

COCOAPODS: 1.15.2
